{
  "nodes": {
    "brew-api": {
      "flake": false,
      "locked": {
        "lastModified": 1785254511,
        "narHash": "sha256-DdAQ58Qc+YZU9nMwGbe+/9E0jZaTq61E3mzaPZmMWcE=",
        "owner": "BatteredBunny",
        "repo": "brew-api",
        "rev": "de2781771a2563173ea8ad5547d4e5ecae830f0f",
        "type": "github"
      },
      "original": {
        "owner": "BatteredBunny",
        "repo": "brew-api",
        "type": "github"
      }
    },
    "brew-api-extra": {
      "flake": false,
      "locked": {
        "lastModified": 1785261859,
        "narHash": "sha256-OkTco7H7tKysMe6bjD1KYPKvYwIq3juoUBOv6A/EFMU=",
        "owner": "futuping",
        "repo": "brew-api-extra",
        "rev": "57eaa1eda3a81744254c35f646eb9695ca6b3234",
        "type": "github"
      },
      "original": {
        "owner": "futuping",
        "repo": "brew-api-extra",
        "type": "github"
      }
    },
    "brew-nix": {
      "inputs": {
        "brew-api": [
          "brew-api"
        ],
        "nix-darwin": [
          "nix-darwin"
        ],
        "nixpkgs": [
          "nixpkgs"
        ]
      },
      "locked": {
        "lastModified": 1784490391,
        "narHash": "sha256-/qnykj46xlcFPaoiksoGCk4g2g4EtF72ZNzYJtHTmh4=",
        "owner": "BatteredBunny",
        "repo": "brew-nix",
        "rev": "05377d6a5e6707a1914263ff02df0a5c597374d8",
        "type": "github"
      },
      "original": {
        "owner": "BatteredBunny",
        "repo": "brew-nix",
        "type": "github"
      }
    },
    "nix-darwin": {
      "inputs": {
        "nixpkgs": [
          "nixpkgs"
        ]
      },
      "locked": {
        "lastModified": 1784500460,
        "narHash": "sha256-UvORnAxTRHax7RG74W8Z2t4GvIkX6AjJ5kk0QlwZomo=",
        "owner": "nix-darwin",
        "repo": "nix-darwin",
        "rev": "57a3171f94705599a2499248ca5758d5eb47c0e0",
        "type": "github"
      },
      "original": {
        "owner": "nix-darwin",
        "repo": "nix-darwin",
        "type": "github"
      }
    },
    "nixpkgs": {
      "locked": {
        "lastModified": 1785141334,
        "narHash": "sha256-kh35kIx7el4Jk8Ki3BH9/Pn1eZYSYLJ6LMALos0zOy0=",
        "owner": "NixOS",
        "repo": "nixpkgs",
        "rev": "38a4887411571457d700c51c64a6e49ead2ed5ab",
        "type": "github"
      },
      "original": {
        "owner": "NixOS",
        "ref": "nixpkgs-unstable",
        "repo": "nixpkgs",
        "type": "github"
      }
    },
    "root": {
      "inputs": {
        "brew-api": "brew-api",
        "brew-api-extra": "brew-api-extra",
        "brew-nix": "brew-nix",
        "nix-darwin": "nix-darwin",
        "nixpkgs": "nixpkgs"
      }
    }
  },
  "root": "root",
  "version": 7
}
